# This file was autogenerated by uv via the following command:
#    uv pip compile requirements.txt --python-version 3.12 --python-platform x86_64-manylinux_2_28 --output-file requirements-linux-py312.lock
accelerate==1.12.0
    # via qwen-tts
addict==2.4.0
    # via misaki
aiofiles==25.1.0
    # via -r requirements.txt
aiohappyeyeballs==2.7.1
    # via aiohttp
aiohttp==3.14.3
    # via vllm
aiosignal==1.4.0
    # via aiohttp
annotated-doc==0.0.5
    # via
    #   fastapi
    #   typer
annotated-types==0.8.0
    # via pydantic
anthropic==0.120.2
    # via vllm
anyio==4.14.2
    # via
    #   anthropic
    #   gradio
    #   httpx
    #   httpx2
    #   mcp
    #   openai
    #   sse-starlette
    #   starlette
    #   watchfiles
apache-tvm-ffi==0.1.9
    # via
    #   flashinfer-python
    #   quack-kernels
    #   tilelang
    #   tokenspeed-mla
    #   vllm
    #   xgrammar
astor==0.8.1
    # via depyf
attrs==26.1.0
    # via
    #   aiohttp
    #   jsonschema
    #   phonemizer-fork
    #   referencing
audioread==3.1.0
    # via librosa
av==18.0.0
    # via
    #   -r requirements.txt
    #   faster-whisper
babel==2.18.0
    # via csvw
blake3==1.0.9
    # via vllm
blis==1.3.3
    # via thinc
boto3==1.43.61
    # via -r requirements.txt
botocore==1.43.61
    # via
    #   boto3
    #   s3transfer
brotli==1.2.0
    # via gradio
cachetools==7.1.6
    # via vllm
catalogue==2.0.10
    # via
    #   spacy
    #   srsly
    #   thinc
cbor2==6.1.3
    # via vllm
certifi==2026.7.22
    # via
    #   httpcore
    #   httpx
    #   requests
    #   sentry-sdk
cffi==2.1.0
    # via
    #   cryptography
    #   soundfile
charset-normalizer==3.4.9
    # via requests
click==8.4.2
    # via
    #   flashinfer-python
    #   rich-toolkit
    #   uvicorn
cloudpathlib==0.24.0
    # via weasel
cloudpickle==3.1.2
    # via
    #   tilelang
    #   vllm
compressed-tensors==0.17.0
    # via vllm
confection==1.3.3
    # via
    #   spacy
    #   thinc
    #   weasel
cryptography==50.0.0
    # via pyjwt
csvw==4.1.0
    # via segments
ctranslate2==4.8.1
    # via faster-whisper
cuda-bindings==13.3.1
    # via
    #   cuda-python
    #   humming-kernels
    #   torch
cuda-core==1.0.1
    # via cuda-python
cuda-pathfinder==1.6.0
    # via
    #   cuda-bindings
    #   cuda-core
    #   cuda-python
cuda-python==13.3.1
    # via
    #   nvidia-cutlass-dsl-libs-base
    #   nvidia-cutlass-dsl-libs-cu13
cuda-tile==1.3.0
    # via flashinfer-python
cuda-toolkit==13.0.2
    # via torch
curated-tokenizers==0.0.9
    # via spacy-curated-transformers
curated-transformers==0.1.1
    # via spacy-curated-transformers
cymem==2.0.13
    # via
    #   preshed
    #   spacy
    #   thinc
decorator==5.3.1
    # via librosa
depyf==0.20.0
    # via vllm
detect-installer==0.1.0
    # via fastapi-cloud-cli
dill==0.4.1
    # via depyf
diskcache==5.6.3
    # via vllm
distro==1.9.0
    # via
    #   anthropic
    #   openai
dlinfo==2.0.0
    # via phonemizer-fork
dnspython==2.8.0
    # via email-validator
docopt==0.6.2
    # via num2words
docstring-parser==0.18.0
    # via anthropic
einops==0.8.2
    # via
    #   flashinfer-python
    #   quack-kernels
    #   qwen-tts
    #   vllm
email-validator==2.3.0
    # via
    #   fastapi
    #   pydantic
en-core-web-sm @ https://github.com/explosion/spacy-models/releases/download/en_core_web_sm-3.8.0/en_core_web_sm-3.8.0-py3-none-any.whl#sha256=1932429db727d4bff3deed6b34cfc05df17794f4a52eeb26cf8928f7c1a0fb85
    # via -r requirements.txt
espeakng-loader==0.2.4
    # via misaki
fastapi==0.136.3
    # via
    #   -r requirements.txt
    #   gradio
    #   model-hosting-container-standards
    #   vllm
fastapi-cli==0.0.32
    # via fastapi
fastapi-cloud-cli==0.23.0
    # via fastapi-cli
fastar==0.11.0
    # via
    #   fastapi
    #   fastapi-cloud-cli
faster-whisper==1.2.1
    # via -r requirements.txt
fastsafetensors==0.3.3
    # via vllm
filelock==3.32.2
    # via
    #   huggingface-hub
    #   torch
    #   transformers
    #   vllm
flashinfer-cubin==0.6.12
    # via vllm
flashinfer-python==0.6.12
    # via vllm
flatbuffers==25.12.19
    # via onnxruntime
frozenlist==1.8.0
    # via
    #   aiohttp
    #   aiosignal
fsspec==2026.7.0
    # via
    #   gradio-client
    #   huggingface-hub
    #   torch
gguf==0.19.0
    # via vllm
googleapis-common-protos==1.75.0
    # via
    #   opentelemetry-exporter-otlp-proto-grpc
    #   opentelemetry-exporter-otlp-proto-http
gradio==6.17.3
    # via qwen-tts
gradio-client==2.5.0
    # via
    #   gradio
    #   hf-gradio
groovy==0.1.2
    # via gradio
grpcio==1.83.0
    # via opentelemetry-exporter-otlp-proto-grpc
h11==0.16.0
    # via
    #   httpcore
    #   httpcore2
    #   uvicorn
hf-gradio==0.4.1
    # via gradio
hf-xet==1.5.2
    # via huggingface-hub
httpcore==1.0.9
    # via httpx
httpcore2==2.9.1
    # via httpx2
httptools==0.8.0
    # via uvicorn
httpx==0.28.1
    # via
    #   -r requirements.txt
    #   anthropic
    #   fastapi
    #   fastapi-cloud-cli
    #   gradio
    #   gradio-client
    #   model-hosting-container-standards
    #   openai
    #   safehttpx
    #   weasel
httpx2==2.9.1
    # via mcp
huggingface-hub==0.36.2
    # via
    #   accelerate
    #   faster-whisper
    #   gradio
    #   gradio-client
    #   kokoro
    #   tokenizers
    #   transformers
humming-kernels==0.1.4
    # via vllm
idna==3.18
    # via
    #   anyio
    #   email-validator
    #   httpx
    #   httpx2
    #   requests
    #   yarl
ijson==3.5.1
    # via vllm
interegular==0.3.3
    # via lm-format-enforcer
isodate==0.7.2
    # via csvw
jinja2==3.1.6
    # via
    #   fastapi
    #   gradio
    #   humming-kernels
    #   spacy
    #   torch
jiter==0.16.0
    # via
    #   anthropic
    #   openai
jmespath==1.1.0
    # via
    #   boto3
    #   botocore
    #   model-hosting-container-standards
joblib==1.5.3
    # via
    #   librosa
    #   phonemizer-fork
    #   scikit-learn
jsonschema==4.26.0
    # via
    #   csvw
    #   mcp
    #   mistral-common
jsonschema-specifications==2025.9.1
    # via jsonschema
kokoro==0.9.4
    # via -r requirements.txt
language-tags==1.3.1
    # via csvw
lark==1.2.2
    # via vllm
lazy-loader==0.5
    # via librosa
librosa==0.11.0
    # via qwen-tts
llguidance==1.7.6
    # via vllm
llvmlite==0.47.0
    # via numba
lm-format-enforcer==0.11.3
    # via vllm
loguru==0.7.3
    # via
    #   compressed-tensors
    #   kokoro
markdown-it-py==4.2.0
    # via rich
markupsafe==3.0.3
    # via
    #   gradio
    #   jinja2
mcp==2.0.0
    # via vllm
mcp-types==2.0.0
    # via mcp
mdurl==0.1.2
    # via markdown-it-py
misaki==0.9.4
    # via kokoro
mistral-common==1.11.7
    # via vllm
ml-dtypes==0.5.4
    # via tilelang
model-hosting-container-standards==0.1.16
    # via vllm
mpmath==1.3.0
    # via sympy
msgpack==1.2.1
    # via librosa
msgspec==0.21.1
    # via vllm
multidict==6.7.1
    # via
    #   aiohttp
    #   yarl
murmurhash==1.0.15
    # via
    #   preshed
    #   spacy
    #   thinc
narwhals==2.24.0
    # via scikit-learn
networkx==3.6.1
    # via torch
ninja==1.13.0
    # via
    #   flashinfer-python
    #   vllm
num2words==0.5.14
    # via misaki
numba==0.65.0
    # via
    #   librosa
    #   vllm
numpy==2.3.5
    # via
    #   -r requirements.txt
    #   accelerate
    #   blis
    #   ctranslate2
    #   cuda-core
    #   flashinfer-python
    #   gguf
    #   gradio
    #   humming-kernels
    #   kokoro
    #   librosa
    #   mistral-common
    #   ml-dtypes
    #   numba
    #   nvidia-cutlass-dsl-libs-base
    #   nvidia-cutlass-dsl-libs-cu13
    #   onnxruntime
    #   opencv-python-headless
    #   pandas
    #   scikit-learn
    #   scipy
    #   soundfile
    #   sox
    #   soxr
    #   spacy
    #   thinc
    #   tilelang
    #   torchvision
    #   transformers
    #   vllm
    #   xgrammar
nvidia-cublas==13.1.0.3
    # via
    #   cuda-toolkit
    #   nvidia-cudnn-cu13
    #   nvidia-cusolver
nvidia-cuda-cccl==13.3.3.4.1
    # via humming-kernels
nvidia-cuda-crt==13.3.73
    # via nvidia-cuda-nvcc
nvidia-cuda-cupti==13.0.85
    # via cuda-toolkit
nvidia-cuda-nvcc==13.2.86
    # via
    #   cuda-tile
    #   humming-kernels
    #   nvidia-cuda-tileiras
nvidia-cuda-nvrtc==13.0.88
    # via
    #   cuda-toolkit
    #   humming-kernels
nvidia-cuda-runtime==13.0.96
    # via
    #   cuda-toolkit
    #   humming-kernels
    #   nvidia-cuda-nvcc
nvidia-cuda-tileiras==13.2.86
    # via cuda-tile
nvidia-cudnn-cu13==9.19.0.56
    # via torch
nvidia-cudnn-frontend==1.26.0
    # via
    #   flashinfer-python
    #   vllm
nvidia-cufft==12.0.0.61
    # via cuda-toolkit
nvidia-cufile==1.15.1.6
    # via cuda-toolkit
nvidia-curand==10.4.0.35
    # via cuda-toolkit
nvidia-cusolver==12.0.4.66
    # via cuda-toolkit
nvidia-cusparse==12.6.3.3
    # via
    #   cuda-toolkit
    #   nvidia-cusolver
nvidia-cusparselt-cu13==0.8.0
    # via torch
nvidia-cutlass-dsl==4.5.2
    # via
    #   flashinfer-python
    #   quack-kernels
    #   tokenspeed-mla
    #   vllm
nvidia-cutlass-dsl-libs-base==4.5.2
    # via
    #   nvidia-cutlass-dsl
    #   nvidia-cutlass-dsl-libs-cu13
nvidia-cutlass-dsl-libs-cu13==4.5.2
    # via nvidia-cutlass-dsl
nvidia-ml-py==13.610.43
    # via
    #   flashinfer-python
    #   humming-kernels
nvidia-nccl-cu13==2.28.9
    # via torch
nvidia-nvjitlink==13.0.88
    # via
    #   cuda-toolkit
    #   nvidia-cuda-tileiras
    #   nvidia-cufft
    #   nvidia-cusolver
    #   nvidia-cusparse
nvidia-nvshmem-cu13==3.4.5
    # via torch
nvidia-nvtx==13.0.85
    # via cuda-toolkit
nvidia-nvvm==13.2.86
    # via
    #   cuda-tile
    #   nvidia-cuda-nvcc
    #   nvidia-cuda-tileiras
onnxruntime==1.28.0
    # via
    #   faster-whisper
    #   qwen-tts
openai==2.52.0
    # via vllm
openai-harmony==0.0.8
    # via vllm
opencv-python-headless==5.0.0.93
    # via
    #   mistral-common
    #   vllm
opentelemetry-api==1.44.0
    # via
    #   mcp
    #   opentelemetry-exporter-otlp-proto-grpc
    #   opentelemetry-exporter-otlp-proto-http
    #   opentelemetry-sdk
    #   opentelemetry-semantic-conventions
    #   vllm
opentelemetry-exporter-otlp==1.44.0
    # via vllm
opentelemetry-exporter-otlp-proto-common==1.44.0
    # via
    #   opentelemetry-exporter-otlp-proto-grpc
    #   opentelemetry-exporter-otlp-proto-http
opentelemetry-exporter-otlp-proto-grpc==1.44.0
    # via opentelemetry-exporter-otlp
opentelemetry-exporter-otlp-proto-http==1.44.0
    # via opentelemetry-exporter-otlp
opentelemetry-proto==1.44.0
    # via
    #   opentelemetry-exporter-otlp-proto-common
    #   opentelemetry-exporter-otlp-proto-grpc
    #   opentelemetry-exporter-otlp-proto-http
opentelemetry-sdk==1.44.0
    # via
    #   opentelemetry-exporter-otlp-proto-grpc
    #   opentelemetry-exporter-otlp-proto-http
    #   opentelemetry-semantic-conventions-ai
    #   vllm
opentelemetry-semantic-conventions==0.65b0
    # via
    #   opentelemetry-sdk
    #   opentelemetry-semantic-conventions-ai
opentelemetry-semantic-conventions-ai==0.5.1
    # via vllm
orjson==3.11.9
    # via gradio
outlines-core==0.2.14
    # via vllm
packaging==26.2
    # via
    #   accelerate
    #   flashinfer-python
    #   gradio
    #   gradio-client
    #   huggingface-hub
    #   lazy-loader
    #   lm-format-enforcer
    #   onnxruntime
    #   pooch
    #   spacy
    #   thinc
    #   transformers
    #   weasel
pandas==3.0.5
    # via gradio
partial-json-parser==0.2.1.1.post7
    # via vllm
phonemizer-fork==3.3.2
    # via misaki
pillow==12.3.0
    # via
    #   gradio
    #   mistral-common
    #   torchvision
    #   vllm
platformdirs==4.11.0
    # via pooch
pooch==1.9.0
    # via librosa
preshed==3.0.13
    # via
    #   spacy
    #   thinc
prometheus-client==0.26.0
    # via
    #   -r requirements.txt
    #   prometheus-fastapi-instrumentator
    #   vllm
prometheus-fastapi-instrumentator==8.1.0
    # via vllm
propcache==0.5.2
    # via
    #   aiohttp
    #   yarl
protobuf==7.35.1
    # via
    #   googleapis-common-protos
    #   onnxruntime
    #   opentelemetry-proto
    #   vllm
psutil==7.2.2
    # via
    #   accelerate
    #   tilelang
    #   vllm
py-cpuinfo==9.0.0
    # via vllm
pybase64==1.4.3
    # via vllm
pycountry==26.2.16
    # via pydantic-extra-types
pycparser==3.0
    # via cffi
pydantic==2.13.4
    # via
    #   -r requirements.txt
    #   anthropic
    #   compressed-tensors
    #   fastapi
    #   fastapi-cloud-cli
    #   gradio
    #   lm-format-enforcer
    #   mcp
    #   mcp-types
    #   mistral-common
    #   model-hosting-container-standards
    #   openai
    #   openai-harmony
    #   pydantic-extra-types
    #   pydantic-settings
    #   spacy
    #   thinc
    #   vllm
    #   weasel
    #   xgrammar
pydantic-core==2.46.4
    # via pydantic
pydantic-extra-types==2.11.1
    # via
    #   fastapi
    #   mistral-common
pydantic-settings==2.14.2
    # via fastapi
pydub==0.25.1
    # via gradio
pyelftools==0.33
    # via humming-kernels
pygments==2.20.0
    # via rich
pyjwt==2.13.0
    # via mcp
pyparsing==3.3.2
    # via rdflib
python-dateutil==2.9.0.post0
    # via
    #   botocore
    #   csvw
    #   pandas
python-dotenv==1.2.2
    # via
    #   pydantic-settings
    #   uvicorn
python-json-logger==4.1.0
    # via vllm
python-multipart==0.0.32
    # via
    #   fastapi
    #   gradio
    #   mcp
pytz==2026.3.post1
    # via gradio
pyyaml==6.0.3
    # via
    #   accelerate
    #   ctranslate2
    #   gguf
    #   gradio
    #   huggingface-hub
    #   lm-format-enforcer
    #   transformers
    #   uvicorn
    #   vllm
pyzmq==27.1.0
    # via vllm
quack-kernels==0.5.0
    # via vllm
qwen-tts==0.1.1
    # via -r requirements.txt
rdflib==7.6.0
    # via csvw
referencing==0.37.0
    # via
    #   jsonschema
    #   jsonschema-specifications
regex==2026.7.19
    # via
    #   curated-tokenizers
    #   misaki
    #   segments
    #   tiktoken
    #   transformers
    #   vllm
requests==2.34.2
    # via
    #   flashinfer-python
    #   gguf
    #   huggingface-hub
    #   mistral-common
    #   opentelemetry-exporter-otlp-proto-http
    #   pooch
    #   spacy
    #   tiktoken
    #   transformers
    #   vllm
rfc3986==1.5.0
    # via csvw
rich==15.0.0
    # via
    #   rich-toolkit
    #   typer
rich-toolkit==0.20.3
    # via
    #   fastapi-cli
    #   fastapi-cloud-cli
rignore==0.8.0
    # via fastapi-cloud-cli
rpds-py==2026.6.3
    # via
    #   jsonschema
    #   referencing
s3transfer==0.19.2
    # via boto3
safehttpx==0.1.7
    # via gradio
safetensors==0.8.0
    # via
    #   accelerate
    #   humming-kernels
    #   transformers
    #   vllm
scikit-learn==1.9.0
    # via librosa
scipy==1.18.0
    # via
    #   -r requirements.txt
    #   librosa
    #   scikit-learn
segments==2.4.0
    # via phonemizer-fork
semantic-version==2.10.0
    # via gradio
sentencepiece==0.2.2
    # via vllm
sentry-sdk==2.66.1
    # via fastapi-cloud-cli
setproctitle==1.3.7
    # via vllm
setuptools==80.10.2
    # via
    #   ctranslate2
    #   model-hosting-container-standards
    #   spacy
    #   thinc
    #   torch
    #   vllm
shellingham==1.5.4
    # via typer
six==1.17.0
    # via
    #   python-dateutil
    #   vllm
smart-open==8.0.1
    # via weasel
sniffio==1.3.1
    # via
    #   anthropic
    #   openai
soundfile==0.14.0
    # via
    #   -r requirements.txt
    #   librosa
    #   qwen-tts
sox==1.5.0
    # via qwen-tts
soxr==1.1.0
    # via librosa
spacy==3.8.14
    # via misaki
spacy-curated-transformers==0.3.1
    # via misaki
spacy-legacy==3.0.12
    # via spacy
spacy-loggers==1.0.5
    # via spacy
srsly==2.5.3
    # via
    #   spacy
    #   thinc
    #   weasel
sse-starlette==3.4.6
    # via mcp
starlette==1.3.1
    # via
    #   fastapi
    #   gradio
    #   mcp
    #   model-hosting-container-standards
    #   prometheus-fastapi-instrumentator
    #   sse-starlette
supervisor==4.3.0
    # via model-hosting-container-standards
sympy==1.14.0
    # via torch
tabulate==0.10.0
    # via
    #   flashinfer-python
    #   humming-kernels
termcolor==3.3.0
    # via csvw
thinc==8.3.13
    # via spacy
threadpoolctl==3.6.0
    # via scikit-learn
tiktoken==0.13.0
    # via
    #   mistral-common
    #   vllm
tilelang==0.1.9
    # via vllm
tokenizers==0.22.2
    # via
    #   faster-whisper
    #   transformers
    #   vllm
tokenspeed-mla==0.1.2
    # via vllm
tokenspeed-triton==3.8.10.post20260721
    # via tokenspeed-mla
tomlkit==0.14.0
    # via gradio
torch==2.11.0
    # via
    #   accelerate
    #   compressed-tensors
    #   curated-transformers
    #   flashinfer-python
    #   humming-kernels
    #   kokoro
    #   quack-kernels
    #   spacy-curated-transformers
    #   tilelang
    #   tokenspeed-mla
    #   torch-c-dlpack-ext
    #   torchvision
    #   vllm
    #   xgrammar
torch-c-dlpack-ext==0.1.5
    # via
    #   quack-kernels
    #   tilelang
torchaudio==2.11.0
    # via
    #   qwen-tts
    #   vllm
torchvision==0.26.0
    # via vllm
tqdm==4.70.0
    # via
    #   faster-whisper
    #   flashinfer-python
    #   gguf
    #   huggingface-hub
    #   humming-kernels
    #   openai
    #   spacy
    #   tilelang
    #   transformers
    #   vllm
transformers==4.57.3
    # via
    #   compressed-tensors
    #   kokoro
    #   qwen-tts
    #   vllm
    #   xgrammar
triton==3.6.0
    # via
    #   humming-kernels
    #   torch
    #   xgrammar
truststore==0.10.4
    # via
    #   httpcore2
    #   httpx2
typer==0.27.0
    # via
    #   fastapi-cli
    #   fastapi-cloud-cli
    #   fastsafetensors
    #   gradio
    #   hf-gradio
    #   spacy
    #   weasel
typing-extensions==4.16.0
    # via
    #   aiohttp
    #   aiosignal
    #   anthropic
    #   anyio
    #   apache-tvm-ffi
    #   cuda-tile
    #   fastapi
    #   gradio
    #   gradio-client
    #   grpcio
    #   httpx2
    #   huggingface-hub
    #   librosa
    #   mcp
    #   mcp-types
    #   mistral-common
    #   nvidia-cutlass-dsl-libs-base
    #   nvidia-cutlass-dsl-libs-cu13
    #   openai
    #   opentelemetry-api
    #   opentelemetry-exporter-otlp-proto-grpc
    #   opentelemetry-exporter-otlp-proto-http
    #   opentelemetry-sdk
    #   opentelemetry-semantic-conventions
    #   phonemizer-fork
    #   pydantic
    #   pydantic-core
    #   pydantic-extra-types
    #   referencing
    #   rich-toolkit
    #   soundfile
    #   sox
    #   starlette
    #   tilelang
    #   torch
    #   typing-inspection
    #   vllm
    #   xgrammar
typing-inspection==0.4.2
    # via
    #   fastapi
    #   mcp
    #   pydantic
    #   pydantic-settings
uritemplate==4.2.0
    # via csvw
urllib3==2.7.0
    # via
    #   botocore
    #   requests
    #   sentry-sdk
uvicorn==0.52.0
    # via
    #   -r requirements.txt
    #   fastapi
    #   fastapi-cli
    #   fastapi-cloud-cli
    #   gradio
    #   mcp
uvloop==0.22.1
    # via uvicorn
vllm==0.23.0
    # via -r requirements.txt
wasabi==1.1.3
    # via
    #   spacy
    #   thinc
    #   weasel
watchfiles==1.2.0
    # via
    #   uvicorn
    #   vllm
weasel==1.0.0
    # via spacy
webrtcvad==2.0.10
    # via -r requirements.txt
websockets==17.0.1
    # via
    #   -r requirements.txt
    #   uvicorn
wrapt==2.3.0
    # via smart-open
xgrammar==0.2.3
    # via vllm
yarl==1.24.5
    # via aiohttp
z3-solver==4.15.4.0
    # via tilelang
